// !$*UTF8*$!
{
	archiveVersion = 1;
	classes = {
	};
	objectVersion = 55;
	objects = {

/* Begin PBXBuildFile section */
		C43A42B9288A87F500009589 /* AppDelegate.swift in Sources */ = {isa = PBXBuildFile; fileRef = C43A42B8288A87F500009589 /* AppDelegate.swift */; };
		C43A42BB288A87F500009589 /* SceneDelegate.swift in Sources */ = {isa = PBXBuildFile; fileRef = C43A42BA288A87F500009589 /* SceneDelegate.swift */; };
		C43A42BD288A87F500009589 /* ViewController.swift in Sources */ = {isa = PBXBuildFile; fileRef = C43A42BC288A87F500009589 /* ViewController.swift */; };
		C43A42C0288A87F500009589 /* Main.storyboard in Resources */ = {isa = PBXBuildFile; fileRef = C43A42BE288A87F500009589 /* Main.storyboard */; };
		C43A42C3288A87F500009589 /* AcademyLOTracker.xcdatamodeld in Sources */ = {isa = PBXBuildFile; fileRef = C43A42C1288A87F500009589 /* AcademyLOTracker.xcdatamodeld */; };
		C43A42C5288A87F700009589 /* Assets.xcassets in Resources */ = {isa = PBXBuildFile; fileRef = C43A42C4288A87F700009589 /* Assets.xcassets */; };
		C43A42C8288A87F700009589 /* LaunchScreen.storyboard in Resources */ = {isa = PBXBuildFile; fileRef = C43A42C6288A87F700009589 /* LaunchScreen.storyboard */; };
		C43A42D3288A87F700009589 /* AcademyLOTrackerTests.swift in Sources */ = {isa = PBXBuildFile; fileRef = C43A42D2288A87F700009589 /* AcademyLOTrackerTests.swift */; };
		C43A42DD288A87F700009589 /* AcademyLOTrackerUITests.swift in Sources */ = {isa = PBXBuildFile; fileRef = C43A42DC288A87F700009589 /* AcademyLOTrackerUITests.swift */; };
		C43A42DF288A87F700009589 /* AcademyLOTrackerUITestsLaunchTests.swift in Sources */ = {isa = PBXBuildFile; fileRef = C43A42DE288A87F700009589 /* AcademyLOTrackerUITestsLaunchTests.swift */; };
/* End PBXBuildFile section */

/* Begin PBXContainerItemProxy section */
		C43A42CF288A87F700009589 /* PBXContainerItemProxy */ = {
			isa = PBXContainerItemProxy;
			containerPortal = C43A42AD288A87F500009589 /* Project object */;
			proxyType = 1;
			remoteGlobalIDString = C43A42B4288A87F500009589;
			remoteInfo = AcademyLOTracker;
		};
		C43A42D9288A87F700009589 /* PBXContainerItemProxy */ = {
			isa = PBXContainerItemProxy;
			containerPortal = C43A42AD288A87F500009589 /* Project object */;
			proxyType = 1;
			remoteGlobalIDString = C43A42B4288A87F500009589;
			remoteInfo = AcademyLOTracker;
		};
/* End PBXContainerItemProxy section */

/* Begin PBXFileReference section */
		C43A42B5288A87F500009589 /* AcademyLOTracker.app */ = {isa = PBXFileReference; explicitFileType = wrapper.application; includeInIndex = 0; path = AcademyLOTracker.app; sourceTree = BUILT_PRODUCTS_DIR; };
		C43A42B8288A87F500009589 /* AppDelegate.swift */ = {isa = PBXFileReference; lastKnownFileType = sourcecode.swift; path = AppDelegate.swift; sourceTree = "<group>"; };
		C43A42BA288A87F500009589 /* SceneDelegate.swift */ = {isa = PBXFileReference; lastKnownFileType = sourcecode.swift; path = SceneDelegate.swift; sourceTree = "<group>"; };
		C43A42BC288A87F500009589 /* ViewController.swift */ = {isa = PBXFileReference; lastKnownFileType = sourcecode.swift; path = ViewController.swift; sourceTree = "<group>"; };
		C43A42BF288A87F500009589 /* Base */ = {isa = PBXFileReference; lastKnownFileType = file.storyboard; name = Base; path = Base.lproj/Main.storyboard; sourceTree = "<group>"; };
		C43A42C2288A87F500009589 /* AcademyLOTracker.xcdatamodel */ = {isa = PBXFileReference; lastKnownFileType = wrapper.xcdatamodel; path = AcademyLOTracker.xcdatamodel; sourceTree = "<group>"; };
		C43A42C4288A87F700009589 /* Assets.xcassets */ = {isa = PBXFileReference; lastKnownFileType = folder.assetcatalog; path = Assets.xcassets; sourceTree = "<group>"; };
		C43A42C7288A87F700009589 /* Base */ = {isa = PBXFileReference; lastKnownFileType = file.storyboard; name = Base; path = Base.lproj/LaunchScreen.storyboard; sourceTree = "<group>"; };
		C43A42C9288A87F700009589 /* Info.plist */ = {isa = PBXFileReference; lastKnownFileType = text.plist.xml; path = Info.plist; sourceTree = "<group>"; };
		C43A42CE288A87F700009589 /* AcademyLOTrackerTests.xctest */ = {isa = PBXFileReference; explicitFileType = wrapper.cfbundle; includeInIndex = 0; path = AcademyLOTrackerTests.xctest; sourceTree = BUILT_PRODUCTS_DIR; };
		C43A42D2288A87F700009589 /* AcademyLOTrackerTests.swift */ = {isa = PBXFileReference; lastKnownFileType = sourcecode.swift; path = AcademyLOTrackerTests.swift; sourceTree = "<group>"; };
		C43A42D8288A87F700009589 /* AcademyLOTrackerUITests.xctest */ = {isa = PBXFileReference; explicitFileType = wrapper.cfbundle; includeInIndex = 0; path = AcademyLOTrackerUITests.xctest; sourceTree = BUILT_PRODUCTS_DIR; };
		C43A42DC288A87F700009589 /* AcademyLOTrackerUITests.swift */ = {isa = PBXFileReference; lastKnownFileType = sourcecode.swift; path = AcademyLOTrackerUITests.swift; sourceTree = "<group>"; };
		C43A42DE288A87F700009589 /* AcademyLOTrackerUITestsLaunchTests.swift */ = {isa = PBXFileReference; lastKnownFileType = sourcecode.swift; path = AcademyLOTrackerUITestsLaunchTests.swift; sourceTree = "<group>"; };
/* End PBXFileReference section */

/* Begin PBXFrameworksBuildPhase section */
		C43A42B2288A87F500009589 /* Frameworks */ = {
			isa = PBXFrameworksBuildPhase;
			buildActionMask = 2147483647;
			files = (
			);
			runOnlyForDeploymentPostprocessing = 0;
		};
		C43A42CB288A87F700009589 /* Frameworks */ = {
			isa = PBXFrameworksBuildPhase;
			buildActionMask = 2147483647;
			files = (
			);
			runOnlyForDeploymentPostprocessing = 0;
		};
		C43A42D5288A87F700009589 /* Frameworks */ = {
			isa = PBXFrameworksBuildPhase;
			buildActionMask = 2147483647;
			files = (
			);
			runOnlyForDeploymentPostprocessing = 0;
		};
/* End PBXFrameworksBuildPhase section */

/* Begin PBXGroup section */
		C43A42AC288A87F500009589 = {
			isa = PBXGroup;
			children = (
				C43A42B7288A87F500009589 /* AcademyLOTracker */,
				C43A42D1288A87F700009589 /* AcademyLOTrackerTests */,
				C43A42DB288A87F700009589 /* AcademyLOTrackerUITests */,
				C43A42B6288A87F500009589 /* Products */,
			);
			sourceTree = "<group>";
		};
		C43A42B6288A87F500009589 /* Products */ = {
			isa = PBXGroup;
			children = (
				C43A42B5288A87F500009589 /* AcademyLOTracker.app */,
				C43A42CE288A87F700009589 /* AcademyLOTrackerTests.xctest */,
				C43A42D8288A87F700009589 /* AcademyLOTrackerUITests.xctest */,
			);
			name = Products;
			sourceTree = "<group>";
		};
		C43A42B7288A87F500009589 /* AcademyLOTracker */ = {
			isa = PBXGroup;
			children = (
				C43A42B8288A87F500009589 /* AppDelegate.swift */,
				C43A42BA288A87F500009589 /* SceneDelegate.swift */,
				C43A42BC288A87F500009589 /* ViewController.swift */,
				C43A42BE288A87F500009589 /* Main.storyboard */,
				C43A42C4288A87F700009589 /* Assets.xcassets */,
				C43A42C6288A87F700009589 /* LaunchScreen.storyboard */,
				C43A42C9288A87F700009589 /* Info.plist */,
				C43A42C1288A87F500009589 /* AcademyLOTracker.xcdatamodeld */,
			);
			path = AcademyLOTracker;
			sourceTree = "<group>";
		};
		C43A42D1288A87F700009589 /* AcademyLOTrackerTests */ = {
			isa = PBXGroup;
			children = (
				C43A42D2288A87F700009589 /* AcademyLOTrackerTests.swift */,
			);
			path = AcademyLOTrackerTests;
			sourceTree = "<group>";
		};
		C43A42DB288A87F700009589 /* AcademyLOTrackerUITests */ = {
			isa = PBXGroup;
			children = (
				C43A42DC288A87F700009589 /* AcademyLOTrackerUITests.swift */,
				C43A42DE288A87F700009589 /* AcademyLOTrackerUITestsLaunchTests.swift */,
			);
			path = AcademyLOTrackerUITests;
			sourceTree = "<group>";
		};
/* End PBXGroup section */

/* Begin PBXNativeTarget section */
		C43A42B4288A87F500009589 /* AcademyLOTracker */ = {
			isa = PBXNativeTarget;
			buildConfigurationList = C43A42E2288A87F700009589 /* Build configuration list for PBXNativeTarget "AcademyLOTracker" */;
			buildPhases = (
				C43A42B1288A87F500009589 /* Sources */,
				C43A42B2288A87F500009589 /* Frameworks */,
				C43A42B3288A87F500009589 /* Resources */,
			);
			buildRules = (
			);
			dependencies = (
			);
			name = AcademyLOTracker;
			productName = AcademyLOTracker;
			productReference = C43A42B5288A87F500009589 /* AcademyLOTracker.app */;
			productType = "com.apple.product-type.application";
		};
		C43A42CD288A87F700009589 /* AcademyLOTrackerTests */ = {
			isa = PBXNativeTarget;
			buildConfigurationList = C43A42E5288A87F700009589 /* Build configuration list for PBXNativeTarget "AcademyLOTrackerTests" */;
			buildPhases = (
				C43A42CA288A87F700009589 /* Sources */,
				C43A42CB288A87F700009589 /* Frameworks */,
				C43A42CC288A87F700009589 /* Resources */,
			);
			buildRules = (
			);
			dependencies = (
				C43A42D0288A87F700009589 /* PBXTargetDependency */,
			);
			name = AcademyLOTrackerTests;
			productName = AcademyLOTrackerTests;
			productReference = C43A42CE288A87F700009589 /* AcademyLOTrackerTests.xctest */;
			productType = "com.apple.product-type.bundle.unit-test";
		};
		C43A42D7288A87F700009589 /* AcademyLOTrackerUITests */ = {
			isa = PBXNativeTarget;
			buildConfigurationList = C43A42E8288A87F700009589 /* Build configuration list for PBXNativeTarget "AcademyLOTrackerUITests" */;
			buildPhases = (
				C43A42D4288A87F700009589 /* Sources */,
				C43A42D5288A87F700009589 /* Frameworks */,
				C43A42D6288A87F700009589 /* Resources */,
			);
			buildRules = (
			);
			dependencies = (
				C43A42DA288A87F700009589 /* PBXTargetDependency */,
			);
			name = AcademyLOTrackerUITests;
			productName = AcademyLOTrackerUITests;
			productReference = C43A42D8288A87F700009589 /* AcademyLOTrackerUITests.xctest */;
			productType = "com.apple.product-type.bundle.ui-testing";
		};
/* End PBXNativeTarget section */

/* Begin PBXProject section */
		C43A42AD288A87F500009589 /* Project object */ = {
			isa = PBXProject;
			attributes = {
				BuildIndependentTargetsInParallel = 1;
				LastSwiftUpdateCheck = 1330;
				LastUpgradeCheck = 1330;
				TargetAttributes = {
					C43A42B4288A87F500009589 = {
						CreatedOnToolsVersion = 13.3;
					};
					C43A42CD288A87F700009589 = {
						CreatedOnToolsVersion = 13.3;
						TestTargetID = C43A42B4288A87F500009589;
					};
					C43A42D7288A87F700009589 = {
						CreatedOnToolsVersion = 13.3;
						TestTargetID = C43A42B4288A87F500009589;
					};
				};
			};
			buildConfigurationList = C43A42B0288A87F500009589 /* Build configuration list for PBXProject "AcademyLOTracker" */;
			compatibilityVersion = "Xcode 13.0";
			developmentRegion = en;
			hasScannedForEncodings = 0;
			knownRegions = (
				en,
				Base,
			);
			mainGroup = C43A42AC288A87F500009589;
			productRefGroup = C43A42B6288A87F500009589 /* Products */;
			projectDirPath = "";
			projectRoot = "";
			targets = (
				C43A42B4288A87F500009589 /* AcademyLOTracker */,
				C43A42CD288A87F700009589 /* AcademyLOTrackerTests */,
				C43A42D7288A87F700009589 /* AcademyLOTrackerUITests */,
			);
		};
/* End PBXProject section */

/* Begin PBXResourcesBuildPhase section */
		C43A42B3288A87F500009589 /* Resources */ = {
			isa = PBXResourcesBuildPhase;
			buildActionMask = 2147483647;
			files = (
				C43A42C8288A87F700009589 /* LaunchScreen.storyboard in Resources */,
				C43A42C5288A87F700009589 /* Assets.xcassets in Resources */,
				C43A42C0288A87F500009589 /* Main.storyboard in Resources */,
			);
			runOnlyForDeploymentPostprocessing = 0;
		};
		C43A42CC288A87F700009589 /* Resources */ = {
			isa = PBXResourcesBuildPhase;
			buildActionMask = 2147483647;
			files = (
			);
			runOnlyForDeploymentPostprocessing = 0;
		};
		C43A42D6288A87F700009589 /* Resources */ = {
			isa = PBXResourcesBuildPhase;
			buildActionMask = 2147483647;
			files = (
			);
			runOnlyForDeploymentPostprocessing = 0;
		};
/* End PBXResourcesBuildPhase section */

/* Begin PBXSourcesBuildPhase section */
		C43A42B1288A87F500009589 /* Sources */ = {
			isa = PBXSourcesBuildPhase;
			buildActionMask = 2147483647;
			files = (
				C43A42C3288A87F500009589 /* AcademyLOTracker.xcdatamodeld in Sources */,
				C43A42BD288A87F500009589 /* ViewController.swift in Sources */,
				C43A42B9288A87F500009589 /* AppDelegate.swift in Sources */,
				C43A42BB288A87F500009589 /* SceneDelegate.swift in Sources */,
			);
			runOnlyForDeploymentPostprocessing = 0;
		};
		C43A42CA288A87F700009589 /* Sources */ = {
			isa = PBXSourcesBuildPhase;
			buildActionMask = 2147483647;
			files = (
				C43A42D3288A87F700009589 /* AcademyLOTrackerTests.swift in Sources */,
			);
			runOnlyForDeploymentPostprocessing = 0;
		};
		C43A42D4288A87F700009589 /* Sources */ = {
			isa = PBXSourcesBuildPhase;
			buildActionMask = 2147483647;
			files = (
				C43A42DD288A87F700009589 /* AcademyLOTrackerUITests.swift in Sources */,
				C43A42DF288A87F700009589 /* AcademyLOTrackerUITestsLaunchTests.swift in Sources */,
			);
			runOnlyForDeploymentPostprocessing = 0;
		};
/* End PBXSourcesBuildPhase section */

/* Begin PBXTargetDependency section */
		C43A42D0288A87F700009589 /* PBXTargetDependency */ = {
			isa = PBXTargetDependency;
			target = C43A42B4288A87F500009589 /* AcademyLOTracker */;
			targetProxy = C43A42CF288A87F700009589 /* PBXContainerItemProxy */;
		};
		C43A42DA288A87F700009589 /* PBXTargetDependency */ = {
			isa = PBXTargetDependency;
			target = C43A42B4288A87F500009589 /* AcademyLOTracker */;
			targetProxy = C43A42D9288A87F700009589 /* PBXContainerItemProxy */;
		};
/* End PBXTargetDependency section */

/* Begin PBXVariantGroup section */
		C43A42BE288A87F500009589 /* Main.storyboard */ = {
			isa = PBXVariantGroup;
			children = (
				C43A42BF288A87F500009589 /* Base */,
			);
			name = Main.storyboard;
			sourceTree = "<group>";
		};
		C43A42C6288A87F700009589 /* LaunchScreen.storyboard */ = {
			isa = PBXVariantGroup;
			children = (
				C43A42C7288A87F700009589 /* Base */,
			);
			name = LaunchScreen.storyboard;
			sourceTree = "<group>";
		};
/* End PBXVariantGroup section */

/* Begin XCBuildConfiguration section */
		C43A42E0288A87F700009589 /* Debug */ = {
			isa = XCBuildConfiguration;
			buildSettings = {
				ALWAYS_SEARCH_USER_PATHS = NO;
				CLANG_ANALYZER_NONNULL = YES;
				CLANG_ANALYZER_NUMBER_OBJECT_CONVERSION = YES_AGGRESSIVE;
				CLANG_CXX_LANGUAGE_STANDARD = "gnu++17";
				CLANG_ENABLE_MODULES = YES;
				CLANG_ENABLE_OBJC_ARC = YES;
				CLANG_ENABLE_OBJC_WEAK = YES;
				CLANG_WARN_BLOCK_CAPTURE_AUTORELEASING = YES;
				CLANG_WARN_BOOL_CONVERSION = YES;
				CLANG_WARN_COMMA = YES;
				CLANG_WARN_CONSTANT_CONVERSION = YES;
				CLANG_WARN_DEPRECATED_OBJC_IMPLEMENTATIONS = YES;
				CLANG_WARN_DIRECT_OBJC_ISA_USAGE = YES_ERROR;
				CLANG_WARN_DOCUMENTATION_COMMENTS = YES;
				CLANG_WARN_EMPTY_BODY = YES;
				CLANG_WARN_ENUM_CONVERSION = YES;
				CLANG_WARN_INFINITE_RECURSION = YES;
				CLANG_WARN_INT_CONVERSION = YES;
				CLANG_WARN_NON_LITERAL_NULL_CONVERSION = YES;
				CLANG_WARN_OBJC_IMPLICIT_RETAIN_SELF = YES;
				CLANG_WARN_OBJC_LITERAL_CONVERSION = YES;
				CLANG_WARN_OBJC_ROOT_CLASS = YES_ERROR;
				CLANG_WARN_QUOTED_INCLUDE_IN_FRAMEWORK_HEADER = YES;
				CLANG_WARN_RANGE_LOOP_ANALYSIS = YES;
				CLANG_WARN_STRICT_PROTOTYPES = YES;
				CLANG_WARN_SUSPICIOUS_MOVE = YES;
				CLANG_WARN_UNGUARDED_AVAILABILITY = YES_AGGRESSIVE;
				CLANG_WARN_UNREACHABLE_CODE = YES;
				CLANG_WARN__DUPLICATE_METHOD_MATCH = YES;
				COPY_PHASE_STRIP = NO;
				DEBUG_INFORMATION_FORMAT = dwarf;
				ENABLE_STRICT_OBJC_MSGSEND = YES;
				ENABLE_TESTABILITY = YES;
				GCC_C_LANGUAGE_STANDARD = gnu11;
				GCC_DYNAMIC_NO_PIC = NO;
				GCC_NO_COMMON_BLOCKS = YES;
				GCC_OPTIMIZATION_LEVEL = 0;
				GCC_PREPROCESSOR_DEFINITIONS = (
					"DEBUG=1",
					"$(inherited)",
				);
				GCC_WARN_64_TO_32_BIT_CONVERSION = YES;
				GCC_WARN_ABOUT_RETURN_TYPE = YES_ERROR;
				GCC_WARN_UNDECLARED_SELECTOR = YES;
				GCC_WARN_UNINITIALIZED_AUTOS = YES_AGGRESSIVE;
				GCC_WARN_UNUSED_FUNCTION = YES;
				GCC_WARN_UNUSED_VARIABLE = YES;
				IPHONEOS_DEPLOYMENT_TARGET = 15.4;
				MTL_ENABLE_DEBUG_INFO = INCLUDE_SOURCE;
				MTL_FAST_MATH = YES;
				ONLY_ACTIVE_ARCH = YES;
				SDKROOT = iphoneos;
				SWIFT_ACTIVE_COMPILATION_CONDITIONS = DEBUG;
				SWIFT_OPTIMIZATION_LEVEL = "-Onone";
			};
			name = Debug;
		};
		C43A42E1288A87F700009589 /* Release */ = {
			isa = XCBuildConfiguration;
			buildSettings = {
				ALWAYS_SEARCH_USER_PATHS = NO;
				CLANG_ANALYZER_NONNULL = YES;
				CLANG_ANALYZER_NUMBER_OBJECT_CONVERSION = YES_AGGRESSIVE;
				CLANG_CXX_LANGUAGE_STANDARD = "gnu++17";
				CLANG_ENABLE_MODULES = YES;
				CLANG_ENABLE_OBJC_ARC = YES;
				CLANG_ENABLE_OBJC_WEAK = YES;
				CLANG_WARN_BLOCK_CAPTURE_AUTORELEASING = YES;
				CLANG_WARN_BOOL_CONVERSION = YES;
				CLANG_WARN_COMMA = YES;
				CLANG_WARN_CONSTANT_CONVERSION = YES;
				CLANG_WARN_DEPRECATED_OBJC_IMPLEMENTATIONS = YES;
				CLANG_WARN_DIRECT_OBJC_ISA_USAGE = YES_ERROR;
				CLANG_WARN_DOCUMENTATION_COMMENTS = YES;
				CLANG_WARN_EMPTY_BODY = YES;
				CLANG_WARN_ENUM_CONVERSION = YES;
				CLANG_WARN_INFINITE_RECURSION = YES;
				CLANG_WARN_INT_CONVERSION = YES;
				CLANG_WARN_NON_LITERAL_NULL_CONVERSION = YES;
				CLANG_WARN_OBJC_IMPLICIT_RETAIN_SELF = YES;
				CLANG_WARN_OBJC_LITERAL_CONVERSION = YES;
				CLANG_WARN_OBJC_ROOT_CLASS = YES_ERROR;
				CLANG_WARN_QUOTED_INCLUDE_IN_FRAMEWORK_HEADER = YES;
				CLANG_WARN_RANGE_LOOP_ANALYSIS = YES;
				CLANG_WARN_STRICT_PROTOTYPES = YES;
				CLANG_WARN_SUSPICIOUS_MOVE = YES;
				CLANG_WARN_UNGUARDED_AVAILABILITY = YES_AGGRESSIVE;
				CLANG_WARN_UNREACHABLE_CODE = YES;
				CLANG_WARN__DUPLICATE_METHOD_MATCH = YES;
				COPY_PHASE_STRIP = NO;
				DEBUG_INFORMATION_FORMAT = "dwarf-with-dsym";
				ENABLE_NS_ASSERTIONS = NO;
				ENABLE_STRICT_OBJC_MSGSEND = YES;
				GCC_C_LANGUAGE_STANDARD = gnu11;
				GCC_NO_COMMON_BLOCKS = YES;
				GCC_WARN_64_TO_32_BIT_CONVERSION = YES;
				GCC_WARN_ABOUT_RETURN_TYPE = YES_ERROR;
				GCC_WARN_UNDECLARED_SELECTOR = YES;
				GCC_WARN_UNINITIALIZED_AUTOS = YES_AGGRESSIVE;
				GCC_WARN_UNUSED_FUNCTION = YES;
				GCC_WARN_UNUSED_VARIABLE = YES;
				IPHONEOS_DEPLOYMENT_TARGET = 15.4;
				MTL_ENABLE_DEBUG_INFO = NO;
				MTL_FAST_MATH = YES;
				SDKROOT = iphoneos;
				SWIFT_COMPILATION_MODE = wholemodule;
				SWIFT_OPTIMIZATION_LEVEL = "-O";
				VALIDATE_PRODUCT = YES;
			};
			name = Release;
		};
		C43A42E3288A87F700009589 /* Debug */ = {
			isa = XCBuildConfiguration;
			buildSettings = {
				ASSETCATALOG_COMPILER_APPICON_NAME = AppIcon;
				ASSETCATALOG_COMPILER_GLOBAL_ACCENT_COLOR_NAME = AccentColor;
				CODE_SIGN_STYLE = Automatic;
				CURRENT_PROJECT_VERSION = 1;
				DEVELOPMENT_TEAM = F3D69PH55A;
				GENERATE_INFOPLIST_FILE = YES;
				INFOPLIST_FILE = AcademyLOTracker/Info.plist;
				INFOPLIST_KEY_UIApplicationSupportsIndirectInputEvents = YES;
				INFOPLIST_KEY_UILaunchStoryboardName = LaunchScreen;
				INFOPLIST_KEY_UIMainStoryboardFile = Main;
				INFOPLIST_KEY_UISupportedInterfaceOrientations_iPad = "UIInterfaceOrientationPortrait UIInterfaceOrientationPortraitUpsideDown UIInterfaceOrientationLandscapeLeft UIInterfaceOrientationLandscapeRight";
				INFOPLIST_KEY_UISupportedInterfaceOrientations_iPhone = "UIInterfaceOrientationPortrait UIInterfaceOrientationLandscapeLeft UIInterfaceOrientationLandscapeRight";
				LD_RUNPATH_SEARCH_PATHS = (
					"$(inherited)",
					"@executable_path/Frameworks",
				);
				MARKETING_VERSION = 1.0;
				PRODUCT_BUNDLE_IDENTIFIER = com.hada.AcademyLOTracker;
				PRODUCT_NAME = "$(TARGET_NAME)";
				SWIFT_EMIT_LOC_STRINGS = YES;
				SWIFT_VERSION = 5.0;
				TARGETED_DEVICE_FAMILY = "1,2";
			};
			name = Debug;
		};
		C43A42E4288A87F700009589 /* Release */ = {
			isa = XCBuildConfiguration;
			buildSettings = {
				ASSETCATALOG_COMPILER_APPICON_NAME = AppIcon;
				ASSETCATALOG_COMPILER_GLOBAL_ACCENT_COLOR_NAME = AccentColor;
				CODE_SIGN_STYLE = Automatic;
				CURRENT_PROJECT_VERSION = 1;
				DEVELOPMENT_TEAM = F3D69PH55A;
				GENERATE_INFOPLIST_FILE = YES;
				INFOPLIST_FILE = AcademyLOTracker/Info.plist;
				INFOPLIST_KEY_UIApplicationSupportsIndirectInputEvents = YES;
				INFOPLIST_KEY_UILaunchStoryboardName = LaunchScreen;
				INFOPLIST_KEY_UIMainStoryboardFile = Main;
				INFOPLIST_KEY_UISupportedInterfaceOrientations_iPad = "UIInterfaceOrientationPortrait UIInterfaceOrientationPortraitUpsideDown UIInterfaceOrientationLandscapeLeft UIInterfaceOrientationLandscapeRight";
				INFOPLIST_KEY_UISupportedInterfaceOrientations_iPhone = "UIInterfaceOrientationPortrait UIInterfaceOrientationLandscapeLeft UIInterfaceOrientationLandscapeRight";
				LD_RUNPATH_SEARCH_PATHS = (
					"$(inherited)",
					"@executable_path/Frameworks",
				);
				MARKETING_VERSION = 1.0;
				PRODUCT_BUNDLE_IDENTIFIER = com.hada.AcademyLOTracker;
				PRODUCT_NAME = "$(TARGET_NAME)";
				SWIFT_EMIT_LOC_STRINGS = YES;
				SWIFT_VERSION = 5.0;
				TARGETED_DEVICE_FAMILY = "1,2";
			};
			name = Release;
		};
		C43A42E6288A87F700009589 /* Debug */ = {
			isa = XCBuildConfiguration;
			buildSettings = {
				ALWAYS_EMBED_SWIFT_STANDARD_LIBRARIES = YES;
				BUNDLE_LOADER = "$(TEST_HOST)";
				CODE_SIGN_STYLE = Automatic;
				CURRENT_PROJECT_VERSION = 1;
				DEVELOPMENT_TEAM = F3D69PH55A;
				GENERATE_INFOPLIST_FILE = YES;
				IPHONEOS_DEPLOYMENT_TARGET = 15.4;
				MARKETING_VERSION = 1.0;
				PRODUCT_BUNDLE_IDENTIFIER = com.hada.AcademyLOTrackerTests;
				PRODUCT_NAME = "$(TARGET_NAME)";
				SWIFT_EMIT_LOC_STRINGS = NO;
				SWIFT_VERSION = 5.0;
				TARGETED_DEVICE_FAMILY = "1,2";
				TEST_HOST = "$(BUILT_PRODUCTS_DIR)/AcademyLOTracker.app/AcademyLOTracker";
			};
			name = Debug;
		};
		C43A42E7288A87F700009589 /* Release */ = {
			isa = XCBuildConfiguration;
			buildSettings = {
				ALWAYS_EMBED_SWIFT_STANDARD_LIBRARIES = YES;
				BUNDLE_LOADER = "$(TEST_HOST)";
				CODE_SIGN_STYLE = Automatic;
				CURRENT_PROJECT_VERSION = 1;
				DEVELOPMENT_TEAM = F3D69PH55A;
				GENERATE_INFOPLIST_FILE = YES;
				IPHONEOS_DEPLOYMENT_TARGET = 15.4;
				MARKETING_VERSION = 1.0;
				PRODUCT_BUNDLE_IDENTIFIER = com.hada.AcademyLOTrackerTests;
				PRODUCT_NAME = "$(TARGET_NAME)";
				SWIFT_EMIT_LOC_STRINGS = NO;
				SWIFT_VERSION = 5.0;
				TARGETED_DEVICE_FAMILY = "1,2";
				TEST_HOST = "$(BUILT_PRODUCTS_DIR)/AcademyLOTracker.app/AcademyLOTracker";
			};
			name = Release;
		};
		C43A42E9288A87F700009589 /* Debug */ = {
			isa = XCBuildConfiguration;
			buildSettings = {
				ALWAYS_EMBED_SWIFT_STANDARD_LIBRARIES = YES;
				CODE_SIGN_STYLE = Automatic;
				CURRENT_PROJECT_VERSION = 1;
				DEVELOPMENT_TEAM = F3D69PH55A;
				GENERATE_INFOPLIST_FILE = YES;
				MARKETING_VERSION = 1.0;
				PRODUCT_BUNDLE_IDENTIFIER = com.hada.AcademyLOTrackerUITests;
				PRODUCT_NAME = "$(TARGET_NAME)";
				SWIFT_EMIT_LOC_STRINGS = NO;
				SWIFT_VERSION = 5.0;
				TARGETED_DEVICE_FAMILY = "1,2";
				TEST_TARGET_NAME = AcademyLOTracker;
			};
			name = Debug;
		};
		C43A42EA288A87F700009589 /* Release */ = {
			isa = XCBuildConfiguration;
			buildSettings = {
				ALWAYS_EMBED_SWIFT_STANDARD_LIBRARIES = YES;
				CODE_SIGN_STYLE = Automatic;
				CURRENT_PROJECT_VERSION = 1;
				DEVELOPMENT_TEAM = F3D69PH55A;
				GENERATE_INFOPLIST_FILE = YES;
				MARKETING_VERSION = 1.0;
				PRODUCT_BUNDLE_IDENTIFIER = com.hada.AcademyLOTrackerUITests;
				PRODUCT_NAME = "$(TARGET_NAME)";
				SWIFT_EMIT_LOC_STRINGS = NO;
				SWIFT_VERSION = 5.0;
				TARGETED_DEVICE_FAMILY = "1,2";
				TEST_TARGET_NAME = AcademyLOTracker;
			};
			name = Release;
		};
/* End XCBuildConfiguration section */

/* Begin XCConfigurationList section */
		C43A42B0288A87F500009589 /* Build configuration list for PBXProject "AcademyLOTracker" */ = {
			isa = XCConfigurationList;
			buildConfigurations = (
				C43A42E0288A87F700009589 /* Debug */,
				C43A42E1288A87F700009589 /* Release */,
			);
			defaultConfigurationIsVisible = 0;
			defaultConfigurationName = Release;
		};
		C43A42E2288A87F700009589 /* Build configuration list for PBXNativeTarget "AcademyLOTracker" */ = {
			isa = XCConfigurationList;
			buildConfigurations = (
				C43A42E3288A87F700009589 /* Debug */,
				C43A42E4288A87F700009589 /* Release */,
			);
			defaultConfigurationIsVisible = 0;
			defaultConfigurationName = Release;
		};
		C43A42E5288A87F700009589 /* Build configuration list for PBXNativeTarget "AcademyLOTrackerTests" */ = {
			isa = XCConfigurationList;
			buildConfigurations = (
				C43A42E6288A87F700009589 /* Debug */,
				C43A42E7288A87F700009589 /* Release */,
			);
			defaultConfigurationIsVisible = 0;
			defaultConfigurationName = Release;
		};
		C43A42E8288A87F700009589 /* Build configuration list for PBXNativeTarget "AcademyLOTrackerUITests" */ = {
			isa = XCConfigurationList;
			buildConfigurations = (
				C43A42E9288A87F700009589 /* Debug */,
				C43A42EA288A87F700009589 /* Release */,
			);
			defaultConfigurationIsVisible = 0;
			defaultConfigurationName = Release;
		};
/* End XCConfigurationList section */

/* Begin XCVersionGroup section */
		C43A42C1288A87F500009589 /* AcademyLOTracker.xcdatamodeld */ = {
			isa = XCVersionGroup;
			children = (
				C43A42C2288A87F500009589 /* AcademyLOTracker.xcdatamodel */,
			);
			currentVersion = C43A42C2288A87F500009589 /* AcademyLOTracker.xcdatamodel */;
			path = AcademyLOTracker.xcdatamodeld;
			sourceTree = "<group>";
			versionGroupType = wrapper.xcdatamodel;
		};
/* End XCVersionGroup section */
	};
	rootObject = C43A42AD288A87F500009589 /* Project object */;
}
